// !$*UTF8*$!
{
	archiveVersion = 1;
	classes = {
	};
	objectVersion = 42;
	objects = {

/* Begin PBXBuildFile section */
		089C1680FE841241C02AAC07 /* InfoPlist.strings in Resources */ = {isa = PBXBuildFile; fileRef = 089C167DFE841241C02AAC07 /* InfoPlist.strings */; };
		08FB77B7FE84183AC02AAC07 /* main.c in Sources */ = {isa = PBXBuildFile; fileRef = 08FB77B6FE84183AC02AAC07 /* main.c */; settings = {ATTRIBUTES = (); }; };
		1058C7AFFEA557BF11CA2CBB /* Cocoa.framework in Frameworks */ = {isa = PBXBuildFile; fileRef = 1058C7ADFEA557BF11CA2CBB /* Cocoa.framework */; };
		32DBCF640370AF2F00C91783 /* MultiplePlugIn_Prefix.h in Headers */ = {isa = PBXBuildFile; fileRef = 32DBCF630370AF2F00C91783 /* MultiplePlugIn_Prefix.h */; };
		A705A1E70472CB1400532688 /* MultiplePlugIn.h in Headers */ = {isa = PBXBuildFile; fileRef = A705A1E50472CB1400532688 /* MultiplePlugIn.h */; };
		A705A1E80472CB1400532688 /* MultiplePlugIn.m in Sources */ = {isa = PBXBuildFile; fileRef = A705A1E60472CB1400532688 /* MultiplePlugIn.m */; };
		A705A1F00472CE5D00532688 /* GainController.h in Headers */ = {isa = PBXBuildFile; fileRef = A705A1EE0472CE5D00532688 /* GainController.h */; };
		A705A1F10472CE5D00532688 /* GainController.m in Sources */ = {isa = PBXBuildFile; fileRef = A705A1EF0472CE5D00532688 /* GainController.m */; };
		A705A1F40472CE6F00532688 /* Gain.nib in Resources */ = {isa = PBXBuildFile; fileRef = A705A1F20472CE6F00532688 /* Gain.nib */; };
		A705A1F90472CFAE00532688 /* Localizable.strings in Resources */ = {isa = PBXBuildFile; fileRef = A705A1F80472CFAE00532688 /* Localizable.strings */; };
		A782216A0485378D007635FB /* AXPlugInHeader.h in Headers */ = {isa = PBXBuildFile; fileRef = A78221690485378D007635FB /* AXPlugInHeader.h */; };
/* End PBXBuildFile section */

/* Begin PBXBundleTarget section */
		089C1673FE841209C02AAC07 /* MultiplePlugIn */ = {
			isa = PBXBundleTarget;
			buildConfigurationList = A77F4CD80AC75E2C0079B663 /* Build configuration list for PBXBundleTarget "MultiplePlugIn" */;
			buildPhases = (
				089C1674FE841209C02AAC07 /* Headers */,
				089C1675FE841209C02AAC07 /* Resources */,
				089C1676FE841209C02AAC07 /* Sources */,
				089C1677FE841209C02AAC07 /* Frameworks */,
				089C1679FE841209C02AAC07 /* Rez */,
			);
			dependencies = (
			);
			name = MultiplePlugIn;
			productInstallPath = "$(HOME)/Library/Bundles";
			productName = MultiplePlugIn;
			productReference = 014CEA410018CDE011CA2923 /* MultiplePlugIn.bundle */;
			productSettingsXML = "<?xml version=\"1.0\" encoding=\"UTF-8\"?>
<!DOCTYPE plist PUBLIC \"-//Apple Computer//DTD PLIST 1.0//EN\" \"http://www.apple.com/DTDs/PropertyList-1.0.dtd\">
<plist version=\"1.0\">
<dict>
	<key>CFBundleDevelopmentRegion</key>
	<string>English</string>
	<key>CFBundleExecutable</key>
	<string>MultiplePlugIn</string>
	<key>CFBundleIconFile</key>
	<string></string>
	<key>CFBundleIdentifier</key>
	<string></string>
	<key>CFBundleInfoDictionaryVersion</key>
	<string>6.0</string>
	<key>CFBundlePackageType</key>
	<string>BNDL</string>
	<key>CFBundleSignature</key>
	<string>????</string>
	<key>CFBundleVersion</key>
	<string>0.0.1d1</string>
	<key>NSPrincipalClass</key>
	<string>MultiplePlugIn</string>
</dict>
</plist>
";
		};
/* End PBXBundleTarget section */

/* Begin PBXFileReference section */
		014CEA410018CDE011CA2923 /* MultiplePlugIn.bundle */ = {isa = PBXFileReference; explicitFileType = wrapper.cfbundle; path = MultiplePlugIn.bundle; sourceTree = BUILT_PRODUCTS_DIR; };
		089C1672FE841209C02AAC07 /* Foundation.framework */ = {isa = PBXFileReference; lastKnownFileType = wrapper.framework; name = Foundation.framework; path = /System/Library/Frameworks/Foundation.framework; sourceTree = "<absolute>"; };
		089C167EFE841241C02AAC07 /* English */ = {isa = PBXFileReference; fileEncoding = 10; lastKnownFileType = text.plist.strings; name = English; path = English.lproj/InfoPlist.strings; sourceTree = "<group>"; };
		089C167FFE841241C02AAC07 /* AppKit.framework */ = {isa = PBXFileReference; lastKnownFileType = wrapper.framework; name = AppKit.framework; path = /System/Library/Frameworks/AppKit.framework; sourceTree = "<absolute>"; };
		08FB77B6FE84183AC02AAC07 /* main.c */ = {isa = PBXFileReference; fileEncoding = 4; lastKnownFileType = sourcecode.c.c; path = main.c; sourceTree = "<group>"; };
		1058C7ADFEA557BF11CA2CBB /* Cocoa.framework */ = {isa = PBXFileReference; lastKnownFileType = wrapper.framework; name = Cocoa.framework; path = /System/Library/Frameworks/Cocoa.framework; sourceTree = "<absolute>"; };
		32DBCF630370AF2F00C91783 /* MultiplePlugIn_Prefix.h */ = {isa = PBXFileReference; fileEncoding = 4; lastKnownFileType = sourcecode.c.h; path = MultiplePlugIn_Prefix.h; sourceTree = "<group>"; };
		A705A1E50472CB1400532688 /* MultiplePlugIn.h */ = {isa = PBXFileReference; fileEncoding = 4; lastKnownFileType = sourcecode.c.h; path = MultiplePlugIn.h; sourceTree = "<group>"; };
		A705A1E60472CB1400532688 /* MultiplePlugIn.m */ = {isa = PBXFileReference; fileEncoding = 4; lastKnownFileType = sourcecode.c.objc; path = MultiplePlugIn.m; sourceTree = "<group>"; };
		A705A1EE0472CE5D00532688 /* GainController.h */ = {isa = PBXFileReference; fileEncoding = 30; lastKnownFileType = sourcecode.c.h; path = GainController.h; sourceTree = "<group>"; };
		A705A1EF0472CE5D00532688 /* GainController.m */ = {isa = PBXFileReference; fileEncoding = 30; lastKnownFileType = sourcecode.c.objc; path = GainController.m; sourceTree = "<group>"; };
		A705A1F30472CE6F00532688 /* Gain.nib */ = {isa = PBXFileReference; lastKnownFileType = wrapper.nib; name = Gain.nib; path = English.lproj/Gain.nib; sourceTree = "<group>"; };
		A705A1F50472CE8500532688 /* French */ = {isa = PBXFileReference; lastKnownFileType = wrapper.nib; name = French; path = French.lproj/Gain.nib; sourceTree = "<group>"; };
		A705A1F60472CF9E00532688 /* English */ = {isa = PBXFileReference; fileEncoding = 4; lastKnownFileType = text.plist.strings; name = English; path = English.lproj/Localizable.strings; sourceTree = "<group>"; };
		A705A1FA0472CFB200532688 /* French */ = {isa = PBXFileReference; fileEncoding = 4; lastKnownFileType = text.plist.strings; name = French; path = French.lproj/Localizable.strings; sourceTree = "<group>"; };
		A78221690485378D007635FB /* AXPlugInHeader.h */ = {isa = PBXFileReference; fileEncoding = 30; lastKnownFileType = sourcecode.c.h; path = AXPlugInHeader.h; sourceTree = "<group>"; };
/* End PBXFileReference section */

/* Begin PBXFrameworksBuildPhase section */
		089C1677FE841209C02AAC07 /* Frameworks */ = {
			isa = PBXFrameworksBuildPhase;
			buildActionMask = 2147483647;
			files = (
				1058C7AFFEA557BF11CA2CBB /* Cocoa.framework in Frameworks */,
			);
			runOnlyForDeploymentPostprocessing = 0;
		};
/* End PBXFrameworksBuildPhase section */

/* Begin PBXGroup section */
		089C166AFE841209C02AAC07 /* MultiplePlugIn */ = {
			isa = PBXGroup;
			children = (
				08FB77AFFE84173DC02AAC07 /* Classes */,
				32C88E010371C26100C91783 /* Other Sources */,
				089C167CFE841241C02AAC07 /* Resources */,
				089C1671FE841209C02AAC07 /* Frameworks and Libraries */,
				19C28FB8FE9D52D311CA2CBB /* Products */,
			);
			name = MultiplePlugIn;
			sourceTree = "<group>";
		};
		089C1671FE841209C02AAC07 /* Frameworks and Libraries */ = {
			isa = PBXGroup;
			children = (
				1058C7ACFEA557BF11CA2CBB /* Linked Frameworks */,
				1058C7AEFEA557BF11CA2CBB /* Other Frameworks */,
			);
			name = "Frameworks and Libraries";
			sourceTree = "<group>";
		};
		089C167CFE841241C02AAC07 /* Resources */ = {
			isa = PBXGroup;
			children = (
				089C167DFE841241C02AAC07 /* InfoPlist.strings */,
				A705A1F80472CFAE00532688 /* Localizable.strings */,
				A705A1F20472CE6F00532688 /* Gain.nib */,
			);
			name = Resources;
			sourceTree = "<group>";
		};
		08FB77AFFE84173DC02AAC07 /* Classes */ = {
			isa = PBXGroup;
			children = (
				A78221690485378D007635FB /* AXPlugInHeader.h */,
				A705A1E50472CB1400532688 /* MultiplePlugIn.h */,
				A705A1E60472CB1400532688 /* MultiplePlugIn.m */,
				A705A1EE0472CE5D00532688 /* GainController.h */,
				A705A1EF0472CE5D00532688 /* GainController.m */,
			);
			name = Classes;
			sourceTree = "<group>";
		};
		1058C7ACFEA557BF11CA2CBB /* Linked Frameworks */ = {
			isa = PBXGroup;
			children = (
				1058C7ADFEA557BF11CA2CBB /* Cocoa.framework */,
			);
			name = "Linked Frameworks";
			sourceTree = "<group>";
		};
		1058C7AEFEA557BF11CA2CBB /* Other Frameworks */ = {
			isa = PBXGroup;
			children = (
				089C1672FE841209C02AAC07 /* Foundation.framework */,
				089C167FFE841241C02AAC07 /* AppKit.framework */,
			);
			name = "Other Frameworks";
			sourceTree = "<group>";
		};
		19C28FB8FE9D52D311CA2CBB /* Products */ = {
			isa = PBXGroup;
			children = (
				014CEA410018CDE011CA2923 /* MultiplePlugIn.bundle */,
			);
			name = Products;
			sourceTree = "<group>";
		};
		32C88E010371C26100C91783 /* Other Sources */ = {
			isa = PBXGroup;
			children = (
				32DBCF630370AF2F00C91783 /* MultiplePlugIn_Prefix.h */,
				08FB77B6FE84183AC02AAC07 /* main.c */,
			);
			name = "Other Sources";
			sourceTree = "<group>";
		};
/* End PBXGroup section */

/* Begin PBXHeadersBuildPhase section */
		089C1674FE841209C02AAC07 /* Headers */ = {
			isa = PBXHeadersBuildPhase;
			buildActionMask = 2147483647;
			files = (
				32DBCF640370AF2F00C91783 /* MultiplePlugIn_Prefix.h in Headers */,
				A705A1E70472CB1400532688 /* MultiplePlugIn.h in Headers */,
				A705A1F00472CE5D00532688 /* GainController.h in Headers */,
				A782216A0485378D007635FB /* AXPlugInHeader.h in Headers */,
			);
			runOnlyForDeploymentPostprocessing = 0;
		};
/* End PBXHeadersBuildPhase section */

/* Begin PBXProject section */
		089C1669FE841209C02AAC07 /* Project object */ = {
			isa = PBXProject;
			buildConfigurationList = A77F4CDC0AC75E2C0079B663 /* Build configuration list for PBXProject "MultiplePlugIn" */;
			hasScannedForEncodings = 1;
			mainGroup = 089C166AFE841209C02AAC07 /* MultiplePlugIn */;
			projectDirPath = "";
			targets = (
				089C1673FE841209C02AAC07 /* MultiplePlugIn */,
			);
		};
/* End PBXProject section */

/* Begin PBXResourcesBuildPhase section */
		089C1675FE841209C02AAC07 /* Resources */ = {
			isa = PBXResourcesBuildPhase;
			buildActionMask = 2147483647;
			files = (
				089C1680FE841241C02AAC07 /* InfoPlist.strings in Resources */,
				A705A1F40472CE6F00532688 /* Gain.nib in Resources */,
				A705A1F90472CFAE00532688 /* Localizable.strings in Resources */,
			);
			runOnlyForDeploymentPostprocessing = 0;
		};
/* End PBXResourcesBuildPhase section */

/* Begin PBXRezBuildPhase section */
		089C1679FE841209C02AAC07 /* Rez */ = {
			isa = PBXRezBuildPhase;
			buildActionMask = 2147483647;
			files = (
			);
			runOnlyForDeploymentPostprocessing = 0;
		};
/* End PBXRezBuildPhase section */

/* Begin PBXSourcesBuildPhase section */
		089C1676FE841209C02AAC07 /* Sources */ = {
			isa = PBXSourcesBuildPhase;
			buildActionMask = 2147483647;
			files = (
				08FB77B7FE84183AC02AAC07 /* main.c in Sources */,
				A705A1E80472CB1400532688 /* MultiplePlugIn.m in Sources */,
				A705A1F10472CE5D00532688 /* GainController.m in Sources */,
			);
			runOnlyForDeploymentPostprocessing = 0;
		};
/* End PBXSourcesBuildPhase section */

/* Begin PBXVariantGroup section */
		089C167DFE841241C02AAC07 /* InfoPlist.strings */ = {
			isa = PBXVariantGroup;
			children = (
				089C167EFE841241C02AAC07 /* English */,
			);
			name = InfoPlist.strings;
			sourceTree = "<group>";
		};
		A705A1F20472CE6F00532688 /* Gain.nib */ = {
			isa = PBXVariantGroup;
			children = (
				A705A1F30472CE6F00532688 /* Gain.nib */,
				A705A1F50472CE8500532688 /* French */,
			);
			name = Gain.nib;
			sourceTree = "<group>";
		};
		A705A1F80472CFAE00532688 /* Localizable.strings */ = {
			isa = PBXVariantGroup;
			children = (
				A705A1F60472CF9E00532688 /* English */,
				A705A1FA0472CFB200532688 /* French */,
			);
			name = Localizable.strings;
			sourceTree = "<group>";
		};
/* End PBXVariantGroup section */

/* Begin XCBuildConfiguration section */
		A77F4CD90AC75E2C0079B663 /* Development */ = {
			isa = XCBuildConfiguration;
			buildSettings = {
				COPY_PHASE_STRIP = NO;
				FRAMEWORK_SEARCH_PATHS = "";
				GCC_DYNAMIC_NO_PIC = NO;
				GCC_ENABLE_FIX_AND_CONTINUE = YES;
				GCC_GENERATE_DEBUGGING_SYMBOLS = YES;
				GCC_OPTIMIZATION_LEVEL = 0;
				HEADER_SEARCH_PATHS = "";
				INSTALL_PATH = "$(HOME)/Library/Bundles";
				LIBRARY_SEARCH_PATHS = "";
				OPTIMIZATION_CFLAGS = "-O0";
				OTHER_CFLAGS = "";
				OTHER_LDFLAGS = "";
				OTHER_REZFLAGS = "";
				PRECOMPILE_PREFIX_HEADER = YES;
				PREFIX_HEADER = MultiplePlugIn_Prefix.h;
				PRODUCT_NAME = MultiplePlugIn;
				SECTORDER_FLAGS = "";
				WARNING_CFLAGS = (
					"-Wmost",
					"-Wno-four-char-constants",
					"-Wno-unknown-pragmas",
				);
				WRAPPER_EXTENSION = bundle;
				ZERO_LINK = YES;
			};
			name = Development;
		};
		A77F4CDA0AC75E2C0079B663 /* Deployment */ = {
			isa = XCBuildConfiguration;
			buildSettings = {
				COPY_PHASE_STRIP = YES;
				FRAMEWORK_SEARCH_PATHS = "";
				GCC_ENABLE_FIX_AND_CONTINUE = NO;
				HEADER_SEARCH_PATHS = "";
				INSTALL_PATH = "$(HOME)/Library/Bundles";
				LIBRARY_SEARCH_PATHS = "";
				OTHER_CFLAGS = "";
				OTHER_LDFLAGS = "";
				OTHER_REZFLAGS = "";
				PRECOMPILE_PREFIX_HEADER = YES;
				PREFIX_HEADER = MultiplePlugIn_Prefix.h;
				PRODUCT_NAME = MultiplePlugIn;
				SECTORDER_FLAGS = "";
				WARNING_CFLAGS = (
					"-Wmost",
					"-Wno-four-char-constants",
					"-Wno-unknown-pragmas",
				);
				WRAPPER_EXTENSION = bundle;
				ZERO_LINK = NO;
			};
			name = Deployment;
		};
		A77F4CDB0AC75E2C0079B663 /* Default */ = {
			isa = XCBuildConfiguration;
			buildSettings = {
				FRAMEWORK_SEARCH_PATHS = "";
				HEADER_SEARCH_PATHS = "";
				INSTALL_PATH = "$(HOME)/Library/Bundles";
				LIBRARY_SEARCH_PATHS = "";
				OTHER_CFLAGS = "";
				OTHER_LDFLAGS = "";
				OTHER_REZFLAGS = "";
				PRECOMPILE_PREFIX_HEADER = YES;
				PREFIX_HEADER = MultiplePlugIn_Prefix.h;
				PRODUCT_NAME = MultiplePlugIn;
				SECTORDER_FLAGS = "";
				WARNING_CFLAGS = (
					"-Wmost",
					"-Wno-four-char-constants",
					"-Wno-unknown-pragmas",
				);
				WRAPPER_EXTENSION = bundle;
			};
			name = Default;
		};
		A77F4CDD0AC75E2C0079B663 /* Development */ = {
			isa = XCBuildConfiguration;
			buildSettings = {
			};
			name = Development;
		};
		A77F4CDE0AC75E2C0079B663 /* Deployment */ = {
			isa = XCBuildConfiguration;
			buildSettings = {
			};
			name = Deployment;
		};
		A77F4CDF0AC75E2C0079B663 /* Default */ = {
			isa = XCBuildConfiguration;
			buildSettings = {
			};
			name = Default;
		};
/* End XCBuildConfiguration section */

/* Begin XCConfigurationList section */
		A77F4CD80AC75E2C0079B663 /* Build configuration list for PBXBundleTarget "MultiplePlugIn" */ = {
			isa = XCConfigurationList;
			buildConfigurations = (
				A77F4CD90AC75E2C0079B663 /* Development */,
				A77F4CDA0AC75E2C0079B663 /* Deployment */,
				A77F4CDB0AC75E2C0079B663 /* Default */,
			);
			defaultConfigurationIsVisible = 0;
			defaultConfigurationName = Default;
		};
		A77F4CDC0AC75E2C0079B663 /* Build configuration list for PBXProject "MultiplePlugIn" */ = {
			isa = XCConfigurationList;
			buildConfigurations = (
				A77F4CDD0AC75E2C0079B663 /* Development */,
				A77F4CDE0AC75E2C0079B663 /* Deployment */,
				A77F4CDF0AC75E2C0079B663 /* Default */,
			);
			defaultConfigurationIsVisible = 0;
			defaultConfigurationName = Default;
		};
/* End XCConfigurationList section */
	};
	rootObject = 089C1669FE841209C02AAC07 /* Project object */;
}
